
Microsoft Visual Studio Solution File, Format Version 12.00
# Visual Studio Version 17
VisualStudioVersion = 17.5.33516.290
MinimumVisualStudioVersion = 10.0.40219.1
Project("{FAE04EC0-301F-11D3-BF4B-00C04F79EFBC}") = "Ejercicio 16", "Ejercicio 16.csproj", "{5D7271E3-40E8-4A9E-B18D-8882210DA1C9}"
EndProject
Project("{FAE04EC0-301F-11D3-BF4B-00C04F79EFBC}") = "EntidadesEj16", "..\EntidadesEj16\EntidadesEj16.csproj", "{36ECF1BD-D496-4353-B928-F7137E636887}"
EndProject
Global
	GlobalSection(SolutionConfigurationPlatforms) = preSolution
		Debug|Any CPU = Debug|Any CPU
		Release|Any CPU = Release|Any CPU
	EndGlobalSection
	GlobalSection(ProjectConfigurationPlatforms) = postSolution
		{5D7271E3-40E8-4A9E-B18D-8882210DA1C9}.Debug|Any CPU.ActiveCfg = Debug|Any CPU
		{5D7271E3-40E8-4A9E-B18D-8882210DA1C9}.Debug|Any CPU.Build.0 = Debug|Any CPU
		{5D7271E3-40E8-4A9E-B18D-8882210DA1C9}.Release|Any CPU.ActiveCfg = Release|Any CPU
		{5D7271E3-40E8-4A9E-B18D-8882210DA1C9}.Release|Any CPU.Build.0 = Release|Any CPU
		{36ECF1BD-D496-4353-B928-F7137E636887}.Debug|Any CPU.ActiveCfg = Debug|Any CPU
		{36ECF1BD-D496-4353-B928-F7137E636887}.Debug|Any CPU.Build.0 = Debug|Any CPU
		{36ECF1BD-D496-4353-B928-F7137E636887}.Release|Any CPU.ActiveCfg = Release|Any CPU
		{36ECF1BD-D496-4353-B928-F7137E636887}.Release|Any CPU.Build.0 = Release|Any CPU
	EndGlobalSection
	GlobalSection(SolutionProperties) = preSolution
		HideSolutionNode = FALSE
	EndGlobalSection
	GlobalSection(ExtensibilityGlobals) = postSolution
		SolutionGuid = {BCDD08BA-C110-4253-924B-7DD08D73F16A}
	EndGlobalSection
EndGlobal
